
Microsoft Visual Studio Solution File, Format Version 12.00
# Visual Studio 2015
Project("{FAE04EC0-301F-11D3-BF4B-00C04F79EFBC}") = "Testing.CSharp.Plugins", "Testing.CSharp.Plugins.csproj", "{2199E440-E268-7644-8D7A-F51BF5E2BC23}"
EndProject
Project("{FAE04EC0-301F-11D3-BF4B-00C04F79EFBC}") = "Testing.CSharp", "Testing.CSharp.csproj", "{849682E5-F82A-881E-F874-643EFCA0096F}"
EndProject
Project("{FAE04EC0-301F-11D3-BF4B-00C04F79EFBC}") = "Testing.CSharp.Editor.Plugins", "Testing.CSharp.Editor.Plugins.csproj", "{5E2A2B71-E35B-41FF-0EB1-BEA0619D24C0}"
EndProject
Project("{FAE04EC0-301F-11D3-BF4B-00C04F79EFBC}") = "Testing.CSharp.Editor", "Testing.CSharp.Editor.csproj", "{D3668716-9B91-79DA-FF2C-671554B569D9}"
EndProject
Global
	GlobalSection(SolutionConfigurationPlatforms) = preSolution
		Debug|Any CPU = Debug|Any CPU
		Release|Any CPU = Release|Any CPU
	EndGlobalSection
	GlobalSection(ProjectConfigurationPlatforms) = postSolution
		{2199E440-E268-7644-8D7A-F51BF5E2BC23}.Debug|Any CPU.ActiveCfg = Debug|Any CPU
		{2199E440-E268-7644-8D7A-F51BF5E2BC23}.Debug|Any CPU.Build.0 = Debug|Any CPU
		{2199E440-E268-7644-8D7A-F51BF5E2BC23}.Release|Any CPU.ActiveCfg = Release|Any CPU
		{2199E440-E268-7644-8D7A-F51BF5E2BC23}.Release|Any CPU.Build.0 = Release|Any CPU
		{849682E5-F82A-881E-F874-643EFCA0096F}.Debug|Any CPU.ActiveCfg = Debug|Any CPU
		{849682E5-F82A-881E-F874-643EFCA0096F}.Debug|Any CPU.Build.0 = Debug|Any CPU
		{849682E5-F82A-881E-F874-643EFCA0096F}.Release|Any CPU.ActiveCfg = Release|Any CPU
		{849682E5-F82A-881E-F874-643EFCA0096F}.Release|Any CPU.Build.0 = Release|Any CPU
		{5E2A2B71-E35B-41FF-0EB1-BEA0619D24C0}.Debug|Any CPU.ActiveCfg = Debug|Any CPU
		{5E2A2B71-E35B-41FF-0EB1-BEA0619D24C0}.Debug|Any CPU.Build.0 = Debug|Any CPU
		{5E2A2B71-E35B-41FF-0EB1-BEA0619D24C0}.Release|Any CPU.ActiveCfg = Release|Any CPU
		{5E2A2B71-E35B-41FF-0EB1-BEA0619D24C0}.Release|Any CPU.Build.0 = Release|Any CPU
		{D3668716-9B91-79DA-FF2C-671554B569D9}.Debug|Any CPU.ActiveCfg = Debug|Any CPU
		{D3668716-9B91-79DA-FF2C-671554B569D9}.Debug|Any CPU.Build.0 = Debug|Any CPU
		{D3668716-9B91-79DA-FF2C-671554B569D9}.Release|Any CPU.ActiveCfg = Release|Any CPU
		{D3668716-9B91-79DA-FF2C-671554B569D9}.Release|Any CPU.Build.0 = Release|Any CPU
	EndGlobalSection
	GlobalSection(SolutionProperties) = preSolution
		HideSolutionNode = FALSE
	EndGlobalSection
EndGlobal
